<?xml version="1.0" encoding="UTF-8" standalone="yes" ?>
<CodeBlocks_project_file>
	<FileVersion major="1" minor="6" />
	<Project>
		<Option title="disasm1" />
		<Option pch_mode="2" />
		<Option compiler="gcc" />
		<Build>
			<Target title="Debug">
				<Option output="bin/Debug/disasm1" prefix_auto="1" extension_auto="1" />
				<Option object_output="obj/Debug/" />
				<Option type="1" />
				<Option compiler="gcc" />
				<Option parameters="-v" />
				<Compiler>
					<Add option="-Wfatal-errors" />
					<Add option="-g" />
					<Add option="-D__WINNT=1" />
					<Add option="-DUNICODE" />
					<Add directory="include" />
				</Compiler>
				<ExtraCommands>
					<Add before="D:\Program Files (x86)\CodeBlocks\cbp2make.exe -in .\disasm1.cbp -out Makefile -targets Unix -unix" />
					<Mode after="always" />
				</ExtraCommands>
			</Target>
			<Target title="Release">
				<Option output="bin/Release/disasm1" prefix_auto="1" extension_auto="1" />
				<Option object_output="obj/Release/" />
				<Option type="1" />
				<Option compiler="gcc" />
				<Compiler>
					<Add option="-O2" />
					<Add directory="include" />
				</Compiler>
				<Linker>
					<Add option="-s" />
				</Linker>
			</Target>
			<Target title="Unix">
				<Option output="bin/Unix/gmsdc" prefix_auto="1" extension_auto="1" />
				<Option object_output="obj/Unix" />
				<Option type="1" />
				<Option compiler="gcc" />
				<Option parameters="-v -t gml_Script_scr_loops" />
				<Compiler>
					<Add option="-g" />
					<Add directory="include" />
				</Compiler>
			</Target>
		</Build>
		<Compiler>
			<Add option="-pedantic" />
			<Add option="-Wextra" />
			<Add option="-Wall" />
			<Add option="-std=c++14" />
			<Add option="-fexceptions" />
			<Add option="-std=gnu++14" />
			<Add directory="." />
			<Add directory="include/writer" />
			<Add directory="include/unpack" />
		</Compiler>
		<Unit filename="algext.h" />
		<Unit filename="include/asttransformer.h" />
		<Unit filename="include/baseblock.h" />
		<Unit filename="include/controltree.h" />
		<Unit filename="include/decompiler.h" />
		<Unit filename="include/flowgraph.h" />
		<Unit filename="include/fsmanager.h" />
		<Unit filename="include/gmast.h" />
		<Unit filename="include/unpack/asmcommand.h" />
		<Unit filename="include/unpack/gmchunk.h" />
		<Unit filename="include/unpack/gmform.h" />
		<Unit filename="include/unpack/gmheader.h" />
		<Unit filename="include/unpack/gmlexprcontext.h" />
		<Unit filename="include/writer/gmlwriter.h" />
		<Unit filename="include/writer/graphmlwriter.h" />
		<Unit filename="include/writer/indentablewriter.h" />
		<Unit filename="main.cpp" />
		<Unit filename="src/asttransformer.cpp" />
		<Unit filename="src/baseblock.cpp" />
		<Unit filename="src/controltree.cpp" />
		<Unit filename="src/decompiler.cpp" />
		<Unit filename="src/flowgraph.cpp" />
		<Unit filename="src/fsmanager.cpp" />
		<Unit filename="src/gmast.cpp" />
		<Unit filename="src/unpack/asmcommand.cpp" />
		<Unit filename="src/unpack/gmchunk.cpp" />
		<Unit filename="src/unpack/gmconstcontext.cpp" />
		<Unit filename="src/unpack/gmform.cpp" />
		<Unit filename="src/unpack/gmfunccontext.cpp" />
		<Unit filename="src/unpack/gmheader.cpp" />
		<Unit filename="src/unpack/gmlexprcontext.cpp" />
		<Unit filename="src/writer/gmlwriter.cpp" />
		<Unit filename="src/writer/graphmlwriter.cpp" />
		<Unit filename="src/writer/indentablewriter.cpp" />
		<Unit filename="utils.cpp" />
		<Unit filename="utils.h" />
		<Extensions>
			<code_completion />
			<envvars />
			<debugger />
			<lib_finder disable_auto="1" />
		</Extensions>
	</Project>
</CodeBlocks_project_file>
